// !$*UTF8*$!
{
	archiveVersion = 1;
	classes = {
	};
	objectVersion = 46;
	objects = {

/* Begin PBXBuildFile section */
		449F416E195BF2C90052B5AB /* CoreFoundation.framework in Frameworks */ = {isa = PBXBuildFile; fileRef = 449F416D195BF2C90052B5AB /* CoreFoundation.framework */; };
		449F4174195BF2C90052B5AB /* InfoPlist.strings in Resources */ = {isa = PBXBuildFile; fileRef = 449F4172195BF2C90052B5AB /* InfoPlist.strings */; };
		449F417D195BF32A0052B5AB /* Thousand2ch.framework in Frameworks */ = {isa = PBXBuildFile; fileRef = 449F417C195BF32A0052B5AB /* Thousand2ch.framework */; };
		449F4180195BF3550052B5AB /* add.tiff in Resources */ = {isa = PBXBuildFile; fileRef = 449F417F195BF3550052B5AB /* add.tiff */; };
		449F4184195BF3630052B5AB /* action_alt.tiff in Resources */ = {isa = PBXBuildFile; fileRef = 449F4181195BF3630052B5AB /* action_alt.tiff */; };
		449F4185195BF3630052B5AB /* action.tiff in Resources */ = {isa = PBXBuildFile; fileRef = 449F4182195BF3630052B5AB /* action.tiff */; };
		449F4186195BF3630052B5AB /* add_alt.tiff in Resources */ = {isa = PBXBuildFile; fileRef = 449F4183195BF3630052B5AB /* add_alt.tiff */; };
		449F418A195BF36F0052B5AB /* minus_alt.tiff in Resources */ = {isa = PBXBuildFile; fileRef = 449F4187195BF36F0052B5AB /* minus_alt.tiff */; };
		449F418B195BF36F0052B5AB /* remove_alt.tiff in Resources */ = {isa = PBXBuildFile; fileRef = 449F4188195BF36F0052B5AB /* remove_alt.tiff */; };
		449F418C195BF36F0052B5AB /* remove.tiff in Resources */ = {isa = PBXBuildFile; fileRef = 449F4189195BF36F0052B5AB /* remove.tiff */; };
		449F41A5195BF38A0052B5AB /* STAboneFilter.m in Sources */ = {isa = PBXBuildFile; fileRef = 449F4190195BF38A0052B5AB /* STAboneFilter.m */; };
		449F41A7195BF38A0052B5AB /* STActionButton.m in Sources */ = {isa = PBXBuildFile; fileRef = 449F4193195BF38A0052B5AB /* STActionButton.m */; };
		449F41A8195BF38A0052B5AB /* STAttributedStringTransformer.m in Sources */ = {isa = PBXBuildFile; fileRef = 449F4196195BF38A0052B5AB /* STAttributedStringTransformer.m */; };
		449F41A9195BF38A0052B5AB /* STFilterKey.m in Sources */ = {isa = PBXBuildFile; fileRef = 449F4198195BF38A0052B5AB /* STFilterKey.m */; };
		449F41AA195BF38A0052B5AB /* STFunctions.m in Sources */ = {isa = PBXBuildFile; fileRef = 449F419A195BF38A0052B5AB /* STFunctions.m */; };
		449F41AB195BF38A0052B5AB /* STKeySettingController.m in Sources */ = {isa = PBXBuildFile; fileRef = 449F419C195BF38A0052B5AB /* STKeySettingController.m */; };
		449F41AC195BF38A0052B5AB /* STNSArrayAdditions.m in Sources */ = {isa = PBXBuildFile; fileRef = 449F419E195BF38A0052B5AB /* STNSArrayAdditions.m */; };
		449F41AD195BF38A0052B5AB /* STNSStringAdditions.m in Sources */ = {isa = PBXBuildFile; fileRef = 449F41A0195BF38A0052B5AB /* STNSStringAdditions.m */; };
		449F41AE195BF38A0052B5AB /* STTableView.m in Sources */ = {isa = PBXBuildFile; fileRef = 449F41A2195BF38A0052B5AB /* STTableView.m */; };
		449F41AF195BF38A0052B5AB /* version.plist in Resources */ = {isa = PBXBuildFile; fileRef = 449F41A3195BF38A0052B5AB /* version.plist */; };
		449F41B4195BF4DF0052B5AB /* STAboneFilter.nib in Resources */ = {isa = PBXBuildFile; fileRef = 449F41B6195BF4DF0052B5AB /* STAboneFilter.nib */; };
		449F41BE195BF5210052B5AB /* Localizable.strings in Resources */ = {isa = PBXBuildFile; fileRef = 449F41C0195BF5210052B5AB /* Localizable.strings */; };
/* End PBXBuildFile section */

/* Begin PBXFileReference section */
		449F416A195BF2C90052B5AB /* AboneFilter.bundle */ = {isa = PBXFileReference; explicitFileType = wrapper.cfbundle; includeInIndex = 0; path = AboneFilter.bundle; sourceTree = BUILT_PRODUCTS_DIR; };
		449F416D195BF2C90052B5AB /* CoreFoundation.framework */ = {isa = PBXFileReference; lastKnownFileType = wrapper.framework; name = CoreFoundation.framework; path = System/Library/Frameworks/CoreFoundation.framework; sourceTree = SDKROOT; };
		449F4171195BF2C90052B5AB /* AboneFilter-Info.plist */ = {isa = PBXFileReference; lastKnownFileType = text.plist.xml; path = "AboneFilter-Info.plist"; sourceTree = "<group>"; };
		449F4173195BF2C90052B5AB /* en */ = {isa = PBXFileReference; lastKnownFileType = text.plist.strings; name = en; path = en.lproj/InfoPlist.strings; sourceTree = "<group>"; };
		449F4175195BF2C90052B5AB /* AboneFilter-Prefix.pch */ = {isa = PBXFileReference; lastKnownFileType = sourcecode.c.h; path = "AboneFilter-Prefix.pch"; sourceTree = "<group>"; };
		449F417B195BF2E40052B5AB /* ja */ = {isa = PBXFileReference; lastKnownFileType = text.plist.strings; name = ja; path = ja.lproj/InfoPlist.strings; sourceTree = "<group>"; };
		449F417C195BF32A0052B5AB /* Thousand2ch.framework */ = {isa = PBXFileReference; lastKnownFileType = wrapper.framework; name = Thousand2ch.framework; path = "../../../../../../Library/Developer/Xcode/DerivedData/Thousand-dhvivlcgfhpqewhddmharbgeqgjb/Build/Products/Debug/Thousand2ch.framework"; sourceTree = "<group>"; };
		449F417F195BF3550052B5AB /* add.tiff */ = {isa = PBXFileReference; lastKnownFileType = image.tiff; path = add.tiff; sourceTree = "<group>"; };
		449F4181195BF3630052B5AB /* action_alt.tiff */ = {isa = PBXFileReference; lastKnownFileType = image.tiff; path = action_alt.tiff; sourceTree = "<group>"; };
		449F4182195BF3630052B5AB /* action.tiff */ = {isa = PBXFileReference; lastKnownFileType = image.tiff; path = action.tiff; sourceTree = "<group>"; };
		449F4183195BF3630052B5AB /* add_alt.tiff */ = {isa = PBXFileReference; lastKnownFileType = image.tiff; path = add_alt.tiff; sourceTree = "<group>"; };
		449F4187195BF36F0052B5AB /* minus_alt.tiff */ = {isa = PBXFileReference; lastKnownFileType = image.tiff; path = minus_alt.tiff; sourceTree = "<group>"; };
		449F4188195BF36F0052B5AB /* remove_alt.tiff */ = {isa = PBXFileReference; lastKnownFileType = image.tiff; path = remove_alt.tiff; sourceTree = "<group>"; };
		449F4189195BF36F0052B5AB /* remove.tiff */ = {isa = PBXFileReference; lastKnownFileType = image.tiff; path = remove.tiff; sourceTree = "<group>"; };
		449F418F195BF38A0052B5AB /* STAboneFilter.h */ = {isa = PBXFileReference; fileEncoding = 4; lastKnownFileType = sourcecode.c.h; path = STAboneFilter.h; sourceTree = "<group>"; };
		449F4190195BF38A0052B5AB /* STAboneFilter.m */ = {isa = PBXFileReference; fileEncoding = 4; lastKnownFileType = sourcecode.c.objc; path = STAboneFilter.m; sourceTree = "<group>"; };
		449F4192195BF38A0052B5AB /* STActionButton.h */ = {isa = PBXFileReference; fileEncoding = 4; lastKnownFileType = sourcecode.c.h; path = STActionButton.h; sourceTree = "<group>"; };
		449F4193195BF38A0052B5AB /* STActionButton.m */ = {isa = PBXFileReference; fileEncoding = 4; lastKnownFileType = sourcecode.c.objc; path = STActionButton.m; sourceTree = "<group>"; };
		449F4194195BF38A0052B5AB /* STAdditions.h */ = {isa = PBXFileReference; fileEncoding = 4; lastKnownFileType = sourcecode.c.h; path = STAdditions.h; sourceTree = "<group>"; };
		449F4195195BF38A0052B5AB /* STAttributedStringTransformer.h */ = {isa = PBXFileReference; fileEncoding = 4; lastKnownFileType = sourcecode.c.h; path = STAttributedStringTransformer.h; sourceTree = "<group>"; };
		449F4196195BF38A0052B5AB /* STAttributedStringTransformer.m */ = {isa = PBXFileReference; fileEncoding = 4; lastKnownFileType = sourcecode.c.objc; path = STAttributedStringTransformer.m; sourceTree = "<group>"; };
		449F4197195BF38A0052B5AB /* STFilterKey.h */ = {isa = PBXFileReference; fileEncoding = 4; lastKnownFileType = sourcecode.c.h; path = STFilterKey.h; sourceTree = "<group>"; };
		449F4198195BF38A0052B5AB /* STFilterKey.m */ = {isa = PBXFileReference; fileEncoding = 4; lastKnownFileType = sourcecode.c.objc; path = STFilterKey.m; sourceTree = "<group>"; };
		449F4199195BF38A0052B5AB /* STFunctions.h */ = {isa = PBXFileReference; fileEncoding = 4; lastKnownFileType = sourcecode.c.h; path = STFunctions.h; sourceTree = "<group>"; };
		449F419A195BF38A0052B5AB /* STFunctions.m */ = {isa = PBXFileReference; fileEncoding = 4; lastKnownFileType = sourcecode.c.objc; path = STFunctions.m; sourceTree = "<group>"; };
		449F419B195BF38A0052B5AB /* STKeySettingController.h */ = {isa = PBXFileReference; fileEncoding = 4; lastKnownFileType = sourcecode.c.h; path = STKeySettingController.h; sourceTree = "<group>"; };
		449F419C195BF38A0052B5AB /* STKeySettingController.m */ = {isa = PBXFileReference; fileEncoding = 4; lastKnownFileType = sourcecode.c.objc; path = STKeySettingController.m; sourceTree = "<group>"; };
		449F419D195BF38A0052B5AB /* STNSArrayAdditions.h */ = {isa = PBXFileReference; fileEncoding = 4; lastKnownFileType = sourcecode.c.h; path = STNSArrayAdditions.h; sourceTree = "<group>"; };
		449F419E195BF38A0052B5AB /* STNSArrayAdditions.m */ = {isa = PBXFileReference; fileEncoding = 4; lastKnownFileType = sourcecode.c.objc; path = STNSArrayAdditions.m; sourceTree = "<group>"; };
		449F419F195BF38A0052B5AB /* STNSStringAdditions.h */ = {isa = PBXFileReference; fileEncoding = 4; lastKnownFileType = sourcecode.c.h; path = STNSStringAdditions.h; sourceTree = "<group>"; };
		449F41A0195BF38A0052B5AB /* STNSStringAdditions.m */ = {isa = PBXFileReference; fileEncoding = 4; lastKnownFileType = sourcecode.c.objc; path = STNSStringAdditions.m; sourceTree = "<group>"; };
		449F41A1195BF38A0052B5AB /* STTableView.h */ = {isa = PBXFileReference; fileEncoding = 4; lastKnownFileType = sourcecode.c.h; path = STTableView.h; sourceTree = "<group>"; };
		449F41A2195BF38A0052B5AB /* STTableView.m */ = {isa = PBXFileReference; fileEncoding = 4; lastKnownFileType = sourcecode.c.objc; path = STTableView.m; sourceTree = "<group>"; };
		449F41A3195BF38A0052B5AB /* version.plist */ = {isa = PBXFileReference; fileEncoding = 4; lastKnownFileType = text.plist.xml; path = version.plist; sourceTree = "<group>"; };
		449F41B5195BF4DF0052B5AB /* ja */ = {isa = PBXFileReference; lastKnownFileType = wrapper.nib; name = ja; path = ja.lproj/STAboneFilter.nib; sourceTree = "<group>"; };
		449F41B7195BF4E60052B5AB /* en */ = {isa = PBXFileReference; lastKnownFileType = wrapper.nib; name = en; path = en.lproj/STAboneFilter.nib; sourceTree = "<group>"; };
		449F41BF195BF5210052B5AB /* en */ = {isa = PBXFileReference; lastKnownFileType = text.plist.strings; name = en; path = en.lproj/Localizable.strings; sourceTree = "<group>"; };
		449F41C1195BF52A0052B5AB /* ja */ = {isa = PBXFileReference; lastKnownFileType = text.plist.strings; name = ja; path = ja.lproj/Localizable.strings; sourceTree = "<group>"; };
/* End PBXFileReference section */

/* Begin PBXFrameworksBuildPhase section */
		449F4167195BF2C90052B5AB /* Frameworks */ = {
			isa = PBXFrameworksBuildPhase;
			buildActionMask = 2147483647;
			files = (
				449F417D195BF32A0052B5AB /* Thousand2ch.framework in Frameworks */,
				449F416E195BF2C90052B5AB /* CoreFoundation.framework in Frameworks */,
			);
			runOnlyForDeploymentPostprocessing = 0;
		};
/* End PBXFrameworksBuildPhase section */

/* Begin PBXGroup section */
		449F4161195BF2C90052B5AB = {
			isa = PBXGroup;
			children = (
				449F416F195BF2C90052B5AB /* AboneFilter */,
				449F416C195BF2C90052B5AB /* Frameworks */,
				449F416B195BF2C90052B5AB /* Products */,
			);
			sourceTree = "<group>";
		};
		449F416B195BF2C90052B5AB /* Products */ = {
			isa = PBXGroup;
			children = (
				449F416A195BF2C90052B5AB /* AboneFilter.bundle */,
			);
			name = Products;
			sourceTree = "<group>";
		};
		449F416C195BF2C90052B5AB /* Frameworks */ = {
			isa = PBXGroup;
			children = (
				449F417C195BF32A0052B5AB /* Thousand2ch.framework */,
				449F416D195BF2C90052B5AB /* CoreFoundation.framework */,
			);
			name = Frameworks;
			sourceTree = "<group>";
		};
		449F416F195BF2C90052B5AB /* AboneFilter */ = {
			isa = PBXGroup;
			children = (
				449F418D195BF37D0052B5AB /* Classes */,
				449F417E195BF33E0052B5AB /* Resources */,
				449F4170195BF2C90052B5AB /* Supporting Files */,
			);
			path = AboneFilter;
			sourceTree = "<group>";
		};
		449F4170195BF2C90052B5AB /* Supporting Files */ = {
			isa = PBXGroup;
			children = (
				449F4171195BF2C90052B5AB /* AboneFilter-Info.plist */,
				449F4172195BF2C90052B5AB /* InfoPlist.strings */,
				449F4175195BF2C90052B5AB /* AboneFilter-Prefix.pch */,
			);
			name = "Supporting Files";
			sourceTree = "<group>";
		};
		449F417E195BF33E0052B5AB /* Resources */ = {
			isa = PBXGroup;
			children = (
				449F41C0195BF5210052B5AB /* Localizable.strings */,
				449F41B6195BF4DF0052B5AB /* STAboneFilter.nib */,
				449F4187195BF36F0052B5AB /* minus_alt.tiff */,
				449F4188195BF36F0052B5AB /* remove_alt.tiff */,
				449F4189195BF36F0052B5AB /* remove.tiff */,
				449F4181195BF3630052B5AB /* action_alt.tiff */,
				449F4182195BF3630052B5AB /* action.tiff */,
				449F4183195BF3630052B5AB /* add_alt.tiff */,
				449F417F195BF3550052B5AB /* add.tiff */,
			);
			name = Resources;
			sourceTree = "<group>";
		};
		449F418D195BF37D0052B5AB /* Classes */ = {
			isa = PBXGroup;
			children = (
				449F418F195BF38A0052B5AB /* STAboneFilter.h */,
				449F4190195BF38A0052B5AB /* STAboneFilter.m */,
				449F4192195BF38A0052B5AB /* STActionButton.h */,
				449F4193195BF38A0052B5AB /* STActionButton.m */,
				449F4194195BF38A0052B5AB /* STAdditions.h */,
				449F4195195BF38A0052B5AB /* STAttributedStringTransformer.h */,
				449F4196195BF38A0052B5AB /* STAttributedStringTransformer.m */,
				449F4197195BF38A0052B5AB /* STFilterKey.h */,
				449F4198195BF38A0052B5AB /* STFilterKey.m */,
				449F4199195BF38A0052B5AB /* STFunctions.h */,
				449F419A195BF38A0052B5AB /* STFunctions.m */,
				449F419B195BF38A0052B5AB /* STKeySettingController.h */,
				449F419C195BF38A0052B5AB /* STKeySettingController.m */,
				449F419D195BF38A0052B5AB /* STNSArrayAdditions.h */,
				449F419E195BF38A0052B5AB /* STNSArrayAdditions.m */,
				449F419F195BF38A0052B5AB /* STNSStringAdditions.h */,
				449F41A0195BF38A0052B5AB /* STNSStringAdditions.m */,
				449F41A1195BF38A0052B5AB /* STTableView.h */,
				449F41A2195BF38A0052B5AB /* STTableView.m */,
				449F41A3195BF38A0052B5AB /* version.plist */,
			);
			name = Classes;
			sourceTree = "<group>";
		};
/* End PBXGroup section */

/* Begin PBXNativeTarget section */
		449F4169195BF2C90052B5AB /* AboneFilter */ = {
			isa = PBXNativeTarget;
			buildConfigurationList = 449F4178195BF2C90052B5AB /* Build configuration list for PBXNativeTarget "AboneFilter" */;
			buildPhases = (
				449F4166195BF2C90052B5AB /* Sources */,
				449F4167195BF2C90052B5AB /* Frameworks */,
				449F4168195BF2C90052B5AB /* Resources */,
			);
			buildRules = (
			);
			dependencies = (
			);
			name = AboneFilter;
			productName = AboneFilter;
			productReference = 449F416A195BF2C90052B5AB /* AboneFilter.bundle */;
			productType = "com.apple.product-type.bundle";
		};
/* End PBXNativeTarget section */

/* Begin PBXProject section */
		449F4162195BF2C90052B5AB /* Project object */ = {
			isa = PBXProject;
			attributes = {
				LastUpgradeCheck = 0510;
				ORGANIZATIONNAME = masa;
			};
			buildConfigurationList = 449F4165195BF2C90052B5AB /* Build configuration list for PBXProject "AboneFilter" */;
			compatibilityVersion = "Xcode 3.2";
			developmentRegion = English;
			hasScannedForEncodings = 0;
			knownRegions = (
				en,
				ja,
			);
			mainGroup = 449F4161195BF2C90052B5AB;
			productRefGroup = 449F416B195BF2C90052B5AB /* Products */;
			projectDirPath = "";
			projectRoot = "";
			targets = (
				449F4169195BF2C90052B5AB /* AboneFilter */,
			);
		};
/* End PBXProject section */

/* Begin PBXResourcesBuildPhase section */
		449F4168195BF2C90052B5AB /* Resources */ = {
			isa = PBXResourcesBuildPhase;
			buildActionMask = 2147483647;
			files = (
				449F418C195BF36F0052B5AB /* remove.tiff in Resources */,
				449F4185195BF3630052B5AB /* action.tiff in Resources */,
				449F418B195BF36F0052B5AB /* remove_alt.tiff in Resources */,
				449F41BE195BF5210052B5AB /* Localizable.strings in Resources */,
				449F418A195BF36F0052B5AB /* minus_alt.tiff in Resources */,
				449F41B4195BF4DF0052B5AB /* STAboneFilter.nib in Resources */,
				449F4184195BF3630052B5AB /* action_alt.tiff in Resources */,
				449F4180195BF3550052B5AB /* add.tiff in Resources */,
				449F41AF195BF38A0052B5AB /* version.plist in Resources */,
				449F4174195BF2C90052B5AB /* InfoPlist.strings in Resources */,
				449F4186195BF3630052B5AB /* add_alt.tiff in Resources */,
			);
			runOnlyForDeploymentPostprocessing = 0;
		};
/* End PBXResourcesBuildPhase section */

/* Begin PBXSourcesBuildPhase section */
		449F4166195BF2C90052B5AB /* Sources */ = {
			isa = PBXSourcesBuildPhase;
			buildActionMask = 2147483647;
			files = (
				449F41A7195BF38A0052B5AB /* STActionButton.m in Sources */,
				449F41A5195BF38A0052B5AB /* STAboneFilter.m in Sources */,
				449F41A9195BF38A0052B5AB /* STFilterKey.m in Sources */,
				449F41AD195BF38A0052B5AB /* STNSStringAdditions.m in Sources */,
				449F41AA195BF38A0052B5AB /* STFunctions.m in Sources */,
				449F41AC195BF38A0052B5AB /* STNSArrayAdditions.m in Sources */,
				449F41A8195BF38A0052B5AB /* STAttributedStringTransformer.m in Sources */,
				449F41AE195BF38A0052B5AB /* STTableView.m in Sources */,
				449F41AB195BF38A0052B5AB /* STKeySettingController.m in Sources */,
			);
			runOnlyForDeploymentPostprocessing = 0;
		};
/* End PBXSourcesBuildPhase section */

/* Begin PBXVariantGroup section */
		449F4172195BF2C90052B5AB /* InfoPlist.strings */ = {
			isa = PBXVariantGroup;
			children = (
				449F4173195BF2C90052B5AB /* en */,
				449F417B195BF2E40052B5AB /* ja */,
			);
			name = InfoPlist.strings;
			sourceTree = "<group>";
		};
		449F41B6195BF4DF0052B5AB /* STAboneFilter.nib */ = {
			isa = PBXVariantGroup;
			children = (
				449F41B5195BF4DF0052B5AB /* ja */,
				449F41B7195BF4E60052B5AB /* en */,
			);
			name = STAboneFilter.nib;
			sourceTree = "<group>";
		};
		449F41C0195BF5210052B5AB /* Localizable.strings */ = {
			isa = PBXVariantGroup;
			children = (
				449F41BF195BF5210052B5AB /* en */,
				449F41C1195BF52A0052B5AB /* ja */,
			);
			name = Localizable.strings;
			sourceTree = "<group>";
		};
/* End PBXVariantGroup section */

/* Begin XCBuildConfiguration section */
		449F4176195BF2C90052B5AB /* Debug */ = {
			isa = XCBuildConfiguration;
			buildSettings = {
				ALWAYS_SEARCH_USER_PATHS = NO;
				ARCHS = "$(ARCHS_STANDARD_32_64_BIT)";
				CLANG_CXX_LANGUAGE_STANDARD = "gnu++0x";
				CLANG_CXX_LIBRARY = "libc++";
				CLANG_ENABLE_MODULES = YES;
				CLANG_ENABLE_OBJC_ARC = YES;
				CLANG_WARN_BOOL_CONVERSION = YES;
				CLANG_WARN_CONSTANT_CONVERSION = YES;
				CLANG_WARN_DIRECT_OBJC_ISA_USAGE = YES_ERROR;
				CLANG_WARN_EMPTY_BODY = YES;
				CLANG_WARN_ENUM_CONVERSION = YES;
				CLANG_WARN_INT_CONVERSION = YES;
				CLANG_WARN_OBJC_ROOT_CLASS = YES_ERROR;
				CLANG_WARN__DUPLICATE_METHOD_MATCH = YES;
				COPY_PHASE_STRIP = NO;
				GCC_C_LANGUAGE_STANDARD = gnu99;
				GCC_DYNAMIC_NO_PIC = NO;
				GCC_ENABLE_OBJC_EXCEPTIONS = YES;
				GCC_OPTIMIZATION_LEVEL = 0;
				GCC_PREPROCESSOR_DEFINITIONS = (
					"DEBUG=1",
					"$(inherited)",
				);
				GCC_SYMBOLS_PRIVATE_EXTERN = NO;
				GCC_WARN_64_TO_32_BIT_CONVERSION = YES;
				GCC_WARN_ABOUT_RETURN_TYPE = YES_ERROR;
				GCC_WARN_UNDECLARED_SELECTOR = YES;
				GCC_WARN_UNINITIALIZED_AUTOS = YES_AGGRESSIVE;
				GCC_WARN_UNUSED_FUNCTION = YES;
				GCC_WARN_UNUSED_VARIABLE = YES;
				MACOSX_DEPLOYMENT_TARGET = 10.6;
				ONLY_ACTIVE_ARCH = NO;
				SDKROOT = macosx;
			};
			name = Debug;
		};
		449F4177195BF2C90052B5AB /* Release */ = {
			isa = XCBuildConfiguration;
			buildSettings = {
				ALWAYS_SEARCH_USER_PATHS = NO;
				ARCHS = "$(ARCHS_STANDARD_32_64_BIT)";
				CLANG_CXX_LANGUAGE_STANDARD = "gnu++0x";
				CLANG_CXX_LIBRARY = "libc++";
				CLANG_ENABLE_MODULES = YES;
				CLANG_ENABLE_OBJC_ARC = YES;
				CLANG_WARN_BOOL_CONVERSION = YES;
				CLANG_WARN_CONSTANT_CONVERSION = YES;
				CLANG_WARN_DIRECT_OBJC_ISA_USAGE = YES_ERROR;
				CLANG_WARN_EMPTY_BODY = YES;
				CLANG_WARN_ENUM_CONVERSION = YES;
				CLANG_WARN_INT_CONVERSION = YES;
				CLANG_WARN_OBJC_ROOT_CLASS = YES_ERROR;
				CLANG_WARN__DUPLICATE_METHOD_MATCH = YES;
				COPY_PHASE_STRIP = YES;
				DEBUG_INFORMATION_FORMAT = "dwarf-with-dsym";
				ENABLE_NS_ASSERTIONS = NO;
				GCC_C_LANGUAGE_STANDARD = gnu99;
				GCC_ENABLE_OBJC_EXCEPTIONS = YES;
				GCC_WARN_64_TO_32_BIT_CONVERSION = YES;
				GCC_WARN_ABOUT_RETURN_TYPE = YES_ERROR;
				GCC_WARN_UNDECLARED_SELECTOR = YES;
				GCC_WARN_UNINITIALIZED_AUTOS = YES_AGGRESSIVE;
				GCC_WARN_UNUSED_FUNCTION = YES;
				GCC_WARN_UNUSED_VARIABLE = YES;
				MACOSX_DEPLOYMENT_TARGET = 10.6;
				SDKROOT = macosx;
			};
			name = Release;
		};
		449F4179195BF2C90052B5AB /* Debug */ = {
			isa = XCBuildConfiguration;
			buildSettings = {
				CLANG_ENABLE_OBJC_ARC = NO;
				COMBINE_HIDPI_IMAGES = YES;
				DEPLOYMENT_LOCATION = YES;
				DSTROOT = "$(HOME)";
				FRAMEWORK_SEARCH_PATHS = (
					"$(inherited)",
					"$(USER_LIBRARY_DIR)/Developer/Xcode/DerivedData/Thousand-dhvivlcgfhpqewhddmharbgeqgjb/Build/Products/Debug",
				);
				GCC_PRECOMPILE_PREFIX_HEADER = YES;
				GCC_PREFIX_HEADER = "AboneFilter/AboneFilter-Prefix.pch";
				INFOPLIST_FILE = "AboneFilter/AboneFilter-Info.plist";
				INSTALL_PATH = "$(LOCAL_LIBRARY_DIR)/Application Support/Thousand/Plugins";
				PRODUCT_NAME = "$(TARGET_NAME)";
				WRAPPER_EXTENSION = bundle;
			};
			name = Debug;
		};
		449F417A195BF2C90052B5AB /* Release */ = {
			isa = XCBuildConfiguration;
			buildSettings = {
				CLANG_ENABLE_OBJC_ARC = NO;
				COMBINE_HIDPI_IMAGES = YES;
				DEPLOYMENT_LOCATION = YES;
				DSTROOT = "$(HOME)";
				FRAMEWORK_SEARCH_PATHS = (
					"$(inherited)",
					"$(USER_LIBRARY_DIR)/Developer/Xcode/DerivedData/Thousand-dhvivlcgfhpqewhddmharbgeqgjb/Build/Products/Debug",
				);
				GCC_PRECOMPILE_PREFIX_HEADER = YES;
				GCC_PREFIX_HEADER = "AboneFilter/AboneFilter-Prefix.pch";
				INFOPLIST_FILE = "AboneFilter/AboneFilter-Info.plist";
				INSTALL_PATH = "$(LOCAL_LIBRARY_DIR)/Application Support/Thousand/Plugins";
				PRODUCT_NAME = "$(TARGET_NAME)";
				WRAPPER_EXTENSION = bundle;
			};
			name = Release;
		};
/* End XCBuildConfiguration section */

/* Begin XCConfigurationList section */
		449F4165195BF2C90052B5AB /* Build configuration list for PBXProject "AboneFilter" */ = {
			isa = XCConfigurationList;
			buildConfigurations = (
				449F4176195BF2C90052B5AB /* Debug */,
				449F4177195BF2C90052B5AB /* Release */,
			);
			defaultConfigurationIsVisible = 0;
			defaultConfigurationName = Release;
		};
		449F4178195BF2C90052B5AB /* Build configuration list for PBXNativeTarget "AboneFilter" */ = {
			isa = XCConfigurationList;
			buildConfigurations = (
				449F4179195BF2C90052B5AB /* Debug */,
				449F417A195BF2C90052B5AB /* Release */,
			);
			defaultConfigurationIsVisible = 0;
			defaultConfigurationName = Release;
		};
/* End XCConfigurationList section */
	};
	rootObject = 449F4162195BF2C90052B5AB /* Project object */;
}
